
Microsoft Visual Studio Solution File, Format Version 12.00
# Visual Studio Version 17
VisualStudioVersion = 17.13.35828.75 d17.13
MinimumVisualStudioVersion = 10.0.40219.1
Project("{FAE04EC0-301F-11D3-BF4B-00C04F79EFBC}") = "Inheritance", "Inheritance\Inheritance.csproj", "{197CB806-227E-44A4-9CFE-38D9CB001583}"
EndProject
Project("{FAE04EC0-301F-11D3-BF4B-00C04F79EFBC}") = "Static", "Static\Static.csproj", "{10D2A3B5-9B76-4F05-9B05-47C4BE4F395D}"
EndProject
Global
	GlobalSection(SolutionConfigurationPlatforms) = preSolution
		Debug|Any CPU = Debug|Any CPU
		Release|Any CPU = Release|Any CPU
	EndGlobalSection
	GlobalSection(ProjectConfigurationPlatforms) = postSolution
		{197CB806-227E-44A4-9CFE-38D9CB001583}.Debug|Any CPU.ActiveCfg = Debug|Any CPU
		{197CB806-227E-44A4-9CFE-38D9CB001583}.Debug|Any CPU.Build.0 = Debug|Any CPU
		{197CB806-227E-44A4-9CFE-38D9CB001583}.Release|Any CPU.ActiveCfg = Release|Any CPU
		{197CB806-227E-44A4-9CFE-38D9CB001583}.Release|Any CPU.Build.0 = Release|Any CPU
		{10D2A3B5-9B76-4F05-9B05-47C4BE4F395D}.Debug|Any CPU.ActiveCfg = Debug|Any CPU
		{10D2A3B5-9B76-4F05-9B05-47C4BE4F395D}.Debug|Any CPU.Build.0 = Debug|Any CPU
		{10D2A3B5-9B76-4F05-9B05-47C4BE4F395D}.Release|Any CPU.ActiveCfg = Release|Any CPU
		{10D2A3B5-9B76-4F05-9B05-47C4BE4F395D}.Release|Any CPU.Build.0 = Release|Any CPU
	EndGlobalSection
	GlobalSection(SolutionProperties) = preSolution
		HideSolutionNode = FALSE
	EndGlobalSection
	GlobalSection(ExtensibilityGlobals) = postSolution
		SolutionGuid = {92F8ECBD-FE90-42E9-995C-DB9CEF936997}
	EndGlobalSection
EndGlobal
