
Microsoft Visual Studio Solution File, Format Version 12.00
# Visual Studio Version 17
VisualStudioVersion = 17.13.35828.75 d17.13
MinimumVisualStudioVersion = 10.0.40219.1
Project("{FAE04EC0-301F-11D3-BF4B-00C04F79EFBC}") = "Assignment2", "Assignment2\Assignment2.csproj", "{8613EAC0-321A-4341-BB79-8A90621F2AB5}"
EndProject
Global
	GlobalSection(SolutionConfigurationPlatforms) = preSolution
		Debug|Any CPU = Debug|Any CPU
		Release|Any CPU = Release|Any CPU
	EndGlobalSection
	GlobalSection(ProjectConfigurationPlatforms) = postSolution
		{8613EAC0-321A-4341-BB79-8A90621F2AB5}.Debug|Any CPU.ActiveCfg = Debug|Any CPU
		{8613EAC0-321A-4341-BB79-8A90621F2AB5}.Debug|Any CPU.Build.0 = Debug|Any CPU
		{8613EAC0-321A-4341-BB79-8A90621F2AB5}.Release|Any CPU.ActiveCfg = Release|Any CPU
		{8613EAC0-321A-4341-BB79-8A90621F2AB5}.Release|Any CPU.Build.0 = Release|Any CPU
	EndGlobalSection
	GlobalSection(SolutionProperties) = preSolution
		HideSolutionNode = FALSE
	EndGlobalSection
	GlobalSection(ExtensibilityGlobals) = postSolution
		SolutionGuid = {03776B4E-12CC-41B0-B12A-8BE54A97FFE0}
	EndGlobalSection
EndGlobal
